
Microsoft Visual Studio Solution File, Format Version 12.00
# Visual Studio Version 16
VisualStudioVersion = 16.0.29519.87
MinimumVisualStudioVersion = 10.0.40219.1
Project("{FAE04EC0-301F-11D3-BF4B-00C04F79EFBC}") = "DeckOfCards.Android", "DeckOfCards\DeckOfCards.Android\DeckOfCards.Android.csproj", "{DD676EE2-DB25-4F3E-88DC-C6388DD73007}"
EndProject
Project("{FAE04EC0-301F-11D3-BF4B-00C04F79EFBC}") = "DeckOfCards.iOS", "DeckOfCards\DeckOfCards.iOS\DeckOfCards.iOS.csproj", "{229FAD87-6F68-48EB-ADB6-1825FEB0ED9E}"
EndProject
Project("{FAE04EC0-301F-11D3-BF4B-00C04F79EFBC}") = "DeckOfCards", "DeckOfCards\DeckOfCards\DeckOfCards.csproj", "{FC65F456-7466-49F3-A431-10879C962899}"
EndProject
Global
	GlobalSection(SolutionConfigurationPlatforms) = preSolution
		Debug|Any CPU = Debug|Any CPU
		Debug|iPhone = Debug|iPhone
		Debug|iPhoneSimulator = Debug|iPhoneSimulator
		Release|Any CPU = Release|Any CPU
		Release|iPhone = Release|iPhone
		Release|iPhoneSimulator = Release|iPhoneSimulator
	EndGlobalSection
	GlobalSection(ProjectConfigurationPlatforms) = postSolution
		{DD676EE2-DB25-4F3E-88DC-C6388DD73007}.Debug|Any CPU.ActiveCfg = Debug|Any CPU
		{DD676EE2-DB25-4F3E-88DC-C6388DD73007}.Debug|Any CPU.Build.0 = Debug|Any CPU
		{DD676EE2-DB25-4F3E-88DC-C6388DD73007}.Debug|Any CPU.Deploy.0 = Debug|Any CPU
		{DD676EE2-DB25-4F3E-88DC-C6388DD73007}.Debug|iPhone.ActiveCfg = Debug|Any CPU
		{DD676EE2-DB25-4F3E-88DC-C6388DD73007}.Debug|iPhone.Build.0 = Debug|Any CPU
		{DD676EE2-DB25-4F3E-88DC-C6388DD73007}.Debug|iPhone.Deploy.0 = Debug|Any CPU
		{DD676EE2-DB25-4F3E-88DC-C6388DD73007}.Debug|iPhoneSimulator.ActiveCfg = Debug|Any CPU
		{DD676EE2-DB25-4F3E-88DC-C6388DD73007}.Debug|iPhoneSimulator.Build.0 = Debug|Any CPU
		{DD676EE2-DB25-4F3E-88DC-C6388DD73007}.Debug|iPhoneSimulator.Deploy.0 = Debug|Any CPU
		{DD676EE2-DB25-4F3E-88DC-C6388DD73007}.Release|Any CPU.ActiveCfg = Release|Any CPU
		{DD676EE2-DB25-4F3E-88DC-C6388DD73007}.Release|Any CPU.Build.0 = Release|Any CPU
		{DD676EE2-DB25-4F3E-88DC-C6388DD73007}.Release|Any CPU.Deploy.0 = Release|Any CPU
		{DD676EE2-DB25-4F3E-88DC-C6388DD73007}.Release|iPhone.ActiveCfg = Release|Any CPU
		{DD676EE2-DB25-4F3E-88DC-C6388DD73007}.Release|iPhone.Build.0 = Release|Any CPU
		{DD676EE2-DB25-4F3E-88DC-C6388DD73007}.Release|iPhone.Deploy.0 = Release|Any CPU
		{DD676EE2-DB25-4F3E-88DC-C6388DD73007}.Release|iPhoneSimulator.ActiveCfg = Release|Any CPU
		{DD676EE2-DB25-4F3E-88DC-C6388DD73007}.Release|iPhoneSimulator.Build.0 = Release|Any CPU
		{DD676EE2-DB25-4F3E-88DC-C6388DD73007}.Release|iPhoneSimulator.Deploy.0 = Release|Any CPU
		{229FAD87-6F68-48EB-ADB6-1825FEB0ED9E}.Debug|Any CPU.ActiveCfg = Debug|iPhoneSimulator
		{229FAD87-6F68-48EB-ADB6-1825FEB0ED9E}.Debug|Any CPU.Build.0 = Debug|iPhoneSimulator
		{229FAD87-6F68-48EB-ADB6-1825FEB0ED9E}.Debug|Any CPU.Deploy.0 = Debug|iPhoneSimulator
		{229FAD87-6F68-48EB-ADB6-1825FEB0ED9E}.Debug|iPhone.ActiveCfg = Debug|iPhone
		{229FAD87-6F68-48EB-ADB6-1825FEB0ED9E}.Debug|iPhone.Build.0 = Debug|iPhone
		{229FAD87-6F68-48EB-ADB6-1825FEB0ED9E}.Debug|iPhone.Deploy.0 = Debug|iPhone
		{229FAD87-6F68-48EB-ADB6-1825FEB0ED9E}.Debug|iPhoneSimulator.ActiveCfg = Debug|iPhoneSimulator
		{229FAD87-6F68-48EB-ADB6-1825FEB0ED9E}.Debug|iPhoneSimulator.Build.0 = Debug|iPhoneSimulator
		{229FAD87-6F68-48EB-ADB6-1825FEB0ED9E}.Debug|iPhoneSimulator.Deploy.0 = Debug|iPhoneSimulator
		{229FAD87-6F68-48EB-ADB6-1825FEB0ED9E}.Release|Any CPU.ActiveCfg = Release|iPhone
		{229FAD87-6F68-48EB-ADB6-1825FEB0ED9E}.Release|Any CPU.Build.0 = Release|iPhone
		{229FAD87-6F68-48EB-ADB6-1825FEB0ED9E}.Release|Any CPU.Deploy.0 = Release|iPhone
		{229FAD87-6F68-48EB-ADB6-1825FEB0ED9E}.Release|iPhone.ActiveCfg = Release|iPhone
		{229FAD87-6F68-48EB-ADB6-1825FEB0ED9E}.Release|iPhone.Build.0 = Release|iPhone
		{229FAD87-6F68-48EB-ADB6-1825FEB0ED9E}.Release|iPhone.Deploy.0 = Release|iPhone
		{229FAD87-6F68-48EB-ADB6-1825FEB0ED9E}.Release|iPhoneSimulator.ActiveCfg = Release|iPhoneSimulator
		{229FAD87-6F68-48EB-ADB6-1825FEB0ED9E}.Release|iPhoneSimulator.Build.0 = Release|iPhoneSimulator
		{229FAD87-6F68-48EB-ADB6-1825FEB0ED9E}.Release|iPhoneSimulator.Deploy.0 = Release|iPhoneSimulator
		{FC65F456-7466-49F3-A431-10879C962899}.Debug|Any CPU.ActiveCfg = Debug|Any CPU
		{FC65F456-7466-49F3-A431-10879C962899}.Debug|Any CPU.Build.0 = Debug|Any CPU
		{FC65F456-7466-49F3-A431-10879C962899}.Debug|Any CPU.Deploy.0 = Debug|Any CPU
		{FC65F456-7466-49F3-A431-10879C962899}.Debug|iPhone.ActiveCfg = Debug|Any CPU
		{FC65F456-7466-49F3-A431-10879C962899}.Debug|iPhone.Build.0 = Debug|Any CPU
		{FC65F456-7466-49F3-A431-10879C962899}.Debug|iPhone.Deploy.0 = Debug|Any CPU
		{FC65F456-7466-49F3-A431-10879C962899}.Debug|iPhoneSimulator.ActiveCfg = Debug|Any CPU
		{FC65F456-7466-49F3-A431-10879C962899}.Debug|iPhoneSimulator.Build.0 = Debug|Any CPU
		{FC65F456-7466-49F3-A431-10879C962899}.Debug|iPhoneSimulator.Deploy.0 = Debug|Any CPU
		{FC65F456-7466-49F3-A431-10879C962899}.Release|Any CPU.ActiveCfg = Release|Any CPU
		{FC65F456-7466-49F3-A431-10879C962899}.Release|Any CPU.Build.0 = Release|Any CPU
		{FC65F456-7466-49F3-A431-10879C962899}.Release|Any CPU.Deploy.0 = Release|Any CPU
		{FC65F456-7466-49F3-A431-10879C962899}.Release|iPhone.ActiveCfg = Release|Any CPU
		{FC65F456-7466-49F3-A431-10879C962899}.Release|iPhone.Build.0 = Release|Any CPU
		{FC65F456-7466-49F3-A431-10879C962899}.Release|iPhone.Deploy.0 = Release|Any CPU
		{FC65F456-7466-49F3-A431-10879C962899}.Release|iPhoneSimulator.ActiveCfg = Release|Any CPU
		{FC65F456-7466-49F3-A431-10879C962899}.Release|iPhoneSimulator.Build.0 = Release|Any CPU
		{FC65F456-7466-49F3-A431-10879C962899}.Release|iPhoneSimulator.Deploy.0 = Release|Any CPU
	EndGlobalSection
	GlobalSection(SolutionProperties) = preSolution
		HideSolutionNode = FALSE
	EndGlobalSection
	GlobalSection(ExtensibilityGlobals) = postSolution
		SolutionGuid = {E1FC944D-A1F8-41A7-A159-24F847A3E43C}
	EndGlobalSection
EndGlobal
